
Microsoft Visual Studio Solution File, Format Version 12.00
# Visual Studio 15
VisualStudioVersion = 15.0.28307.1082
MinimumVisualStudioVersion = 10.0.40219.1
Project("{FAE04EC0-301F-11D3-BF4B-00C04F79EFBC}") = "WebLab", "WebLab\WebLab.csproj", "{7EAB98E9-06AB-40F2-BE31-2445AE5C4D29}"
EndProject
Project("{2150E333-8FDC-42A3-9474-1A3956D46DE8}") = ".nuget", ".nuget", "{E1CCD2FE-1319-43F5-9602-5CC80EDD27A1}"
	ProjectSection(SolutionItems) = preProject
		.nuget\NuGet.Config = .nuget\NuGet.Config
		.nuget\NuGet.exe = .nuget\NuGet.exe
		.nuget\NuGet.targets = .nuget\NuGet.targets
	EndProjectSection
EndProject
Global
	GlobalSection(SolutionConfigurationPlatforms) = preSolution
		Debug|Any CPU = Debug|Any CPU
		Release|Any CPU = Release|Any CPU
	EndGlobalSection
	GlobalSection(ProjectConfigurationPlatforms) = postSolution
		{7EAB98E9-06AB-40F2-BE31-2445AE5C4D29}.Debug|Any CPU.ActiveCfg = Debug|Any CPU
		{7EAB98E9-06AB-40F2-BE31-2445AE5C4D29}.Debug|Any CPU.Build.0 = Debug|Any CPU
		{7EAB98E9-06AB-40F2-BE31-2445AE5C4D29}.Release|Any CPU.ActiveCfg = Release|Any CPU
		{7EAB98E9-06AB-40F2-BE31-2445AE5C4D29}.Release|Any CPU.Build.0 = Release|Any CPU
	EndGlobalSection
	GlobalSection(SolutionProperties) = preSolution
		HideSolutionNode = FALSE
	EndGlobalSection
	GlobalSection(ExtensibilityGlobals) = postSolution
		SolutionGuid = {66EC9EB3-41A5-495B-A91D-A8D20955AE22}
	EndGlobalSection
EndGlobal
